
Microsoft Visual Studio Solution File, Format Version 12.00
# Visual Studio Version 17
VisualStudioVersion = 17.4.33205.214
MinimumVisualStudioVersion = 10.0.40219.1
Project("{FAE04EC0-301F-11D3-BF4B-00C04F79EFBC}") = "LibraryService", "LibraryService\LibraryService.csproj", "{5B665277-5A2F-4F5F-80E5-BEED71A8D4BE}"
EndProject
Project("{FAE04EC0-301F-11D3-BF4B-00C04F79EFBC}") = "LibraryService.Web", "LibraryService.Web\LibraryService.Web.csproj", "{812209B3-E426-433E-A8F1-35D9B82D3D2F}"
EndProject
Global
	GlobalSection(SolutionConfigurationPlatforms) = preSolution
		Debug|Any CPU = Debug|Any CPU
		Release|Any CPU = Release|Any CPU
	EndGlobalSection
	GlobalSection(ProjectConfigurationPlatforms) = postSolution
		{5B665277-5A2F-4F5F-80E5-BEED71A8D4BE}.Debug|Any CPU.ActiveCfg = Debug|Any CPU
		{5B665277-5A2F-4F5F-80E5-BEED71A8D4BE}.Debug|Any CPU.Build.0 = Debug|Any CPU
		{5B665277-5A2F-4F5F-80E5-BEED71A8D4BE}.Release|Any CPU.ActiveCfg = Release|Any CPU
		{5B665277-5A2F-4F5F-80E5-BEED71A8D4BE}.Release|Any CPU.Build.0 = Release|Any CPU
		{812209B3-E426-433E-A8F1-35D9B82D3D2F}.Debug|Any CPU.ActiveCfg = Debug|Any CPU
		{812209B3-E426-433E-A8F1-35D9B82D3D2F}.Debug|Any CPU.Build.0 = Debug|Any CPU
		{812209B3-E426-433E-A8F1-35D9B82D3D2F}.Release|Any CPU.ActiveCfg = Release|Any CPU
		{812209B3-E426-433E-A8F1-35D9B82D3D2F}.Release|Any CPU.Build.0 = Release|Any CPU
	EndGlobalSection
	GlobalSection(SolutionProperties) = preSolution
		HideSolutionNode = FALSE
	EndGlobalSection
	GlobalSection(ExtensibilityGlobals) = postSolution
		SolutionGuid = {C138921B-111B-48FB-81F0-7F2EB2A542AB}
	EndGlobalSection
EndGlobal
